// !$*UTF8*$!
{
	archiveVersion = 1;
	classes = {
	};
	objectVersion = 48;
	objects = {

/* Begin PBXBuildFile section */
		10B4257A9FFBAE4468D06B7D /* Pods_Flix.framework in Frameworks */ = {isa = PBXBuildFile; fileRef = E536F6857D097ED2AF4FDF95 /* Pods_Flix.framework */; };
		16C65D58D7D7C53EDAA0D50B /* Pods_FlixTests.framework in Frameworks */ = {isa = PBXBuildFile; fileRef = DC57B95672588591383BB365 /* Pods_FlixTests.framework */; };
		55B3562520296B14004445FE /* NowPlayingViewController.swift in Sources */ = {isa = PBXBuildFile; fileRef = 55B3562420296B14004445FE /* NowPlayingViewController.swift */; };
		55B356292029915D004445FE /* MovieCell.swift in Sources */ = {isa = PBXBuildFile; fileRef = 55B356282029915D004445FE /* MovieCell.swift */; };
		55E523362022F3DB00D73D72 /* AppDelegate.swift in Sources */ = {isa = PBXBuildFile; fileRef = 55E523352022F3DB00D73D72 /* AppDelegate.swift */; };
		55E5233B2022F3DB00D73D72 /* Main.storyboard in Resources */ = {isa = PBXBuildFile; fileRef = 55E523392022F3DB00D73D72 /* Main.storyboard */; };
		55E5233D2022F3DB00D73D72 /* Assets.xcassets in Resources */ = {isa = PBXBuildFile; fileRef = 55E5233C2022F3DB00D73D72 /* Assets.xcassets */; };
		55E523402022F3DB00D73D72 /* LaunchScreen.storyboard in Resources */ = {isa = PBXBuildFile; fileRef = 55E5233E2022F3DB00D73D72 /* LaunchScreen.storyboard */; };
		55E5234B2022F3DB00D73D72 /* FlixTests.swift in Sources */ = {isa = PBXBuildFile; fileRef = 55E5234A2022F3DB00D73D72 /* FlixTests.swift */; };
		55E523562022F3DB00D73D72 /* FlixUITests.swift in Sources */ = {isa = PBXBuildFile; fileRef = 55E523552022F3DB00D73D72 /* FlixUITests.swift */; };
		E3B2A4A1C7C66E3A75992D9C /* Pods_FlixUITests.framework in Frameworks */ = {isa = PBXBuildFile; fileRef = 7F5FCDF04CC1A1DB4DA0D37D /* Pods_FlixUITests.framework */; };
/* End PBXBuildFile section */

/* Begin PBXContainerItemProxy section */
		55E523472022F3DB00D73D72 /* PBXContainerItemProxy */ = {
			isa = PBXContainerItemProxy;
			containerPortal = 55E5232A2022F3DA00D73D72 /* Project object */;
			proxyType = 1;
			remoteGlobalIDString = 55E523312022F3DA00D73D72;
			remoteInfo = Flix;
		};
		55E523522022F3DB00D73D72 /* PBXContainerItemProxy */ = {
			isa = PBXContainerItemProxy;
			containerPortal = 55E5232A2022F3DA00D73D72 /* Project object */;
			proxyType = 1;
			remoteGlobalIDString = 55E523312022F3DA00D73D72;
			remoteInfo = Flix;
		};
/* End PBXContainerItemProxy section */

/* Begin PBXFileReference section */
		0965D361AD83C0E218F6BCA1 /* Pods-FlixTests.release.xcconfig */ = {isa = PBXFileReference; includeInIndex = 1; lastKnownFileType = text.xcconfig; name = "Pods-FlixTests.release.xcconfig"; path = "Pods/Target Support Files/Pods-FlixTests/Pods-FlixTests.release.xcconfig"; sourceTree = "<group>"; };
		55B3562420296B14004445FE /* NowPlayingViewController.swift */ = {isa = PBXFileReference; lastKnownFileType = sourcecode.swift; path = NowPlayingViewController.swift; sourceTree = "<group>"; };
		55B356282029915D004445FE /* MovieCell.swift */ = {isa = PBXFileReference; lastKnownFileType = sourcecode.swift; path = MovieCell.swift; sourceTree = "<group>"; };
		55E523322022F3DA00D73D72 /* Flix.app */ = {isa = PBXFileReference; explicitFileType = wrapper.application; includeInIndex = 0; path = Flix.app; sourceTree = BUILT_PRODUCTS_DIR; };
		55E523352022F3DB00D73D72 /* AppDelegate.swift */ = {isa = PBXFileReference; lastKnownFileType = sourcecode.swift; path = AppDelegate.swift; sourceTree = "<group>"; };
		55E5233A2022F3DB00D73D72 /* Base */ = {isa = PBXFileReference; lastKnownFileType = file.storyboard; name = Base; path = Base.lproj/Main.storyboard; sourceTree = "<group>"; };
		55E5233C2022F3DB00D73D72 /* Assets.xcassets */ = {isa = PBXFileReference; lastKnownFileType = folder.assetcatalog; path = Assets.xcassets; sourceTree = "<group>"; };
		55E5233F2022F3DB00D73D72 /* Base */ = {isa = PBXFileReference; lastKnownFileType = file.storyboard; name = Base; path = Base.lproj/LaunchScreen.storyboard; sourceTree = "<group>"; };
		55E523412022F3DB00D73D72 /* Info.plist */ = {isa = PBXFileReference; lastKnownFileType = text.plist.xml; path = Info.plist; sourceTree = "<group>"; };
		55E523462022F3DB00D73D72 /* FlixTests.xctest */ = {isa = PBXFileReference; explicitFileType = wrapper.cfbundle; includeInIndex = 0; path = FlixTests.xctest; sourceTree = BUILT_PRODUCTS_DIR; };
		55E5234A2022F3DB00D73D72 /* FlixTests.swift */ = {isa = PBXFileReference; lastKnownFileType = sourcecode.swift; path = FlixTests.swift; sourceTree = "<group>"; };
		55E5234C2022F3DB00D73D72 /* Info.plist */ = {isa = PBXFileReference; lastKnownFileType = text.plist.xml; path = Info.plist; sourceTree = "<group>"; };
		55E523512022F3DB00D73D72 /* FlixUITests.xctest */ = {isa = PBXFileReference; explicitFileType = wrapper.cfbundle; includeInIndex = 0; path = FlixUITests.xctest; sourceTree = BUILT_PRODUCTS_DIR; };
		55E523552022F3DB00D73D72 /* FlixUITests.swift */ = {isa = PBXFileReference; lastKnownFileType = sourcecode.swift; path = FlixUITests.swift; sourceTree = "<group>"; };
		55E523572022F3DB00D73D72 /* Info.plist */ = {isa = PBXFileReference; lastKnownFileType = text.plist.xml; path = Info.plist; sourceTree = "<group>"; };
		68232470D28C1E1A4DA161F8 /* Pods-Flix.debug.xcconfig */ = {isa = PBXFileReference; includeInIndex = 1; lastKnownFileType = text.xcconfig; name = "Pods-Flix.debug.xcconfig"; path = "Pods/Target Support Files/Pods-Flix/Pods-Flix.debug.xcconfig"; sourceTree = "<group>"; };
		6C4F1048238F2738813C4E1B /* Pods-Flix.release.xcconfig */ = {isa = PBXFileReference; includeInIndex = 1; lastKnownFileType = text.xcconfig; name = "Pods-Flix.release.xcconfig"; path = "Pods/Target Support Files/Pods-Flix/Pods-Flix.release.xcconfig"; sourceTree = "<group>"; };
		7F5FCDF04CC1A1DB4DA0D37D /* Pods_FlixUITests.framework */ = {isa = PBXFileReference; explicitFileType = wrapper.framework; includeInIndex = 0; path = Pods_FlixUITests.framework; sourceTree = BUILT_PRODUCTS_DIR; };
		A29AFB6AAADC77D9EE69D91C /* Pods-FlixUITests.release.xcconfig */ = {isa = PBXFileReference; includeInIndex = 1; lastKnownFileType = text.xcconfig; name = "Pods-FlixUITests.release.xcconfig"; path = "Pods/Target Support Files/Pods-FlixUITests/Pods-FlixUITests.release.xcconfig"; sourceTree = "<group>"; };
		DC57B95672588591383BB365 /* Pods_FlixTests.framework */ = {isa = PBXFileReference; explicitFileType = wrapper.framework; includeInIndex = 0; path = Pods_FlixTests.framework; sourceTree = BUILT_PRODUCTS_DIR; };
		E536F6857D097ED2AF4FDF95 /* Pods_Flix.framework */ = {isa = PBXFileReference; explicitFileType = wrapper.framework; includeInIndex = 0; path = Pods_Flix.framework; sourceTree = BUILT_PRODUCTS_DIR; };
		ECB233F19D7F6905F1F9434D /* Pods-FlixTests.debug.xcconfig */ = {isa = PBXFileReference; includeInIndex = 1; lastKnownFileType = text.xcconfig; name = "Pods-FlixTests.debug.xcconfig"; path = "Pods/Target Support Files/Pods-FlixTests/Pods-FlixTests.debug.xcconfig"; sourceTree = "<group>"; };
		F411BD73C7AC613B7C38DA06 /* Pods-FlixUITests.debug.xcconfig */ = {isa = PBXFileReference; includeInIndex = 1; lastKnownFileType = text.xcconfig; name = "Pods-FlixUITests.debug.xcconfig"; path = "Pods/Target Support Files/Pods-FlixUITests/Pods-FlixUITests.debug.xcconfig"; sourceTree = "<group>"; };
/* End PBXFileReference section */

/* Begin PBXFrameworksBuildPhase section */
		55E5232F2022F3DA00D73D72 /* Frameworks */ = {
			isa = PBXFrameworksBuildPhase;
			buildActionMask = 2147483647;
			files = (
				10B4257A9FFBAE4468D06B7D /* Pods_Flix.framework in Frameworks */,
			);
			runOnlyForDeploymentPostprocessing = 0;
		};
		55E523432022F3DB00D73D72 /* Frameworks */ = {
			isa = PBXFrameworksBuildPhase;
			buildActionMask = 2147483647;
			files = (
				16C65D58D7D7C53EDAA0D50B /* Pods_FlixTests.framework in Frameworks */,
			);
			runOnlyForDeploymentPostprocessing = 0;
		};
		55E5234E2022F3DB00D73D72 /* Frameworks */ = {
			isa = PBXFrameworksBuildPhase;
			buildActionMask = 2147483647;
			files = (
				E3B2A4A1C7C66E3A75992D9C /* Pods_FlixUITests.framework in Frameworks */,
			);
			runOnlyForDeploymentPostprocessing = 0;
		};
/* End PBXFrameworksBuildPhase section */

/* Begin PBXGroup section */
		55E523292022F3DA00D73D72 = {
			isa = PBXGroup;
			children = (
				55E523342022F3DA00D73D72 /* Flix */,
				55E523492022F3DB00D73D72 /* FlixTests */,
				55E523542022F3DB00D73D72 /* FlixUITests */,
				55E523332022F3DA00D73D72 /* Products */,
				A1A2CA70963FF67EA5E56B8A /* Pods */,
				6532CB26884E12C1B0A5FF6B /* Frameworks */,
			);
			sourceTree = "<group>";
		};
		55E523332022F3DA00D73D72 /* Products */ = {
			isa = PBXGroup;
			children = (
				55E523322022F3DA00D73D72 /* Flix.app */,
				55E523462022F3DB00D73D72 /* FlixTests.xctest */,
				55E523512022F3DB00D73D72 /* FlixUITests.xctest */,
			);
			name = Products;
			sourceTree = "<group>";
		};
		55E523342022F3DA00D73D72 /* Flix */ = {
			isa = PBXGroup;
			children = (
				55E523352022F3DB00D73D72 /* AppDelegate.swift */,
				55B3562420296B14004445FE /* NowPlayingViewController.swift */,
				55E523392022F3DB00D73D72 /* Main.storyboard */,
				55E5233C2022F3DB00D73D72 /* Assets.xcassets */,
				55E5233E2022F3DB00D73D72 /* LaunchScreen.storyboard */,
				55E523412022F3DB00D73D72 /* Info.plist */,
				55B356282029915D004445FE /* MovieCell.swift */,
			);
			path = Flix;
			sourceTree = "<group>";
		};
		55E523492022F3DB00D73D72 /* FlixTests */ = {
			isa = PBXGroup;
			children = (
				55E5234A2022F3DB00D73D72 /* FlixTests.swift */,
				55E5234C2022F3DB00D73D72 /* Info.plist */,
			);
			path = FlixTests;
			sourceTree = "<group>";
		};
		55E523542022F3DB00D73D72 /* FlixUITests */ = {
			isa = PBXGroup;
			children = (
				55E523552022F3DB00D73D72 /* FlixUITests.swift */,
				55E523572022F3DB00D73D72 /* Info.plist */,
			);
			path = FlixUITests;
			sourceTree = "<group>";
		};
		6532CB26884E12C1B0A5FF6B /* Frameworks */ = {
			isa = PBXGroup;
			children = (
				E536F6857D097ED2AF4FDF95 /* Pods_Flix.framework */,
				DC57B95672588591383BB365 /* Pods_FlixTests.framework */,
				7F5FCDF04CC1A1DB4DA0D37D /* Pods_FlixUITests.framework */,
			);
			name = Frameworks;
			sourceTree = "<group>";
		};
		A1A2CA70963FF67EA5E56B8A /* Pods */ = {
			isa = PBXGroup;
			children = (
				68232470D28C1E1A4DA161F8 /* Pods-Flix.debug.xcconfig */,
				6C4F1048238F2738813C4E1B /* Pods-Flix.release.xcconfig */,
				ECB233F19D7F6905F1F9434D /* Pods-FlixTests.debug.xcconfig */,
				0965D361AD83C0E218F6BCA1 /* Pods-FlixTests.release.xcconfig */,
				F411BD73C7AC613B7C38DA06 /* Pods-FlixUITests.debug.xcconfig */,
				A29AFB6AAADC77D9EE69D91C /* Pods-FlixUITests.release.xcconfig */,
			);
			name = Pods;
			sourceTree = "<group>";
		};
/* End PBXGroup section */

/* Begin PBXNativeTarget section */
		55E523312022F3DA00D73D72 /* Flix */ = {
			isa = PBXNativeTarget;
			buildConfigurationList = 55E5235A2022F3DB00D73D72 /* Build configuration list for PBXNativeTarget "Flix" */;
			buildPhases = (
				F52092438A54D12CB55D7E34 /* [CP] Check Pods Manifest.lock */,
				55E5232E2022F3DA00D73D72 /* Sources */,
				55E5232F2022F3DA00D73D72 /* Frameworks */,
				55E523302022F3DA00D73D72 /* Resources */,
				D46048204E2C92410FACE2DB /* [CP] Embed Pods Frameworks */,
				CAB17B390C3E2639E803ACAE /* [CP] Copy Pods Resources */,
			);
			buildRules = (
			);
			dependencies = (
			);
			name = Flix;
			productName = Flix;
			productReference = 55E523322022F3DA00D73D72 /* Flix.app */;
			productType = "com.apple.product-type.application";
		};
		55E523452022F3DB00D73D72 /* FlixTests */ = {
			isa = PBXNativeTarget;
			buildConfigurationList = 55E5235D2022F3DB00D73D72 /* Build configuration list for PBXNativeTarget "FlixTests" */;
			buildPhases = (
				67570E6981371A82E481143C /* [CP] Check Pods Manifest.lock */,
				55E523422022F3DB00D73D72 /* Sources */,
				55E523432022F3DB00D73D72 /* Frameworks */,
				55E523442022F3DB00D73D72 /* Resources */,
				9B5E5913652E9DD025545680 /* [CP] Embed Pods Frameworks */,
				997768BDB7AEB2CA03607313 /* [CP] Copy Pods Resources */,
			);
			buildRules = (
			);
			dependencies = (
				55E523482022F3DB00D73D72 /* PBXTargetDependency */,
			);
			name = FlixTests;
			productName = FlixTests;
			productReference = 55E523462022F3DB00D73D72 /* FlixTests.xctest */;
			productType = "com.apple.product-type.bundle.unit-test";
		};
		55E523502022F3DB00D73D72 /* FlixUITests */ = {
			isa = PBXNativeTarget;
			buildConfigurationList = 55E523602022F3DB00D73D72 /* Build configuration list for PBXNativeTarget "FlixUITests" */;
			buildPhases = (
				4A412E4C7FA5971A9A02187E /* [CP] Check Pods Manifest.lock */,
				55E5234D2022F3DB00D73D72 /* Sources */,
				55E5234E2022F3DB00D73D72 /* Frameworks */,
				55E5234F2022F3DB00D73D72 /* Resources */,
				FDD3C674F273B4388F0D7604 /* [CP] Embed Pods Frameworks */,
				0B83ED83DF639B2653864812 /* [CP] Copy Pods Resources */,
			);
			buildRules = (
			);
			dependencies = (
				55E523532022F3DB00D73D72 /* PBXTargetDependency */,
			);
			name = FlixUITests;
			productName = FlixUITests;
			productReference = 55E523512022F3DB00D73D72 /* FlixUITests.xctest */;
			productType = "com.apple.product-type.bundle.ui-testing";
		};
/* End PBXNativeTarget section */

/* Begin PBXProject section */
		55E5232A2022F3DA00D73D72 /* Project object */ = {
			isa = PBXProject;
			attributes = {
				LastSwiftUpdateCheck = 0920;
				LastUpgradeCheck = 0920;
				ORGANIZATIONNAME = "Kyle Zhong ";
				TargetAttributes = {
					55E523312022F3DA00D73D72 = {
						CreatedOnToolsVersion = 9.2;
						ProvisioningStyle = Manual;
					};
					55E523452022F3DB00D73D72 = {
						CreatedOnToolsVersion = 9.2;
						ProvisioningStyle = Automatic;
						TestTargetID = 55E523312022F3DA00D73D72;
					};
					55E523502022F3DB00D73D72 = {
						CreatedOnToolsVersion = 9.2;
						ProvisioningStyle = Automatic;
						TestTargetID = 55E523312022F3DA00D73D72;
					};
				};
			};
			buildConfigurationList = 55E5232D2022F3DA00D73D72 /* Build configuration list for PBXProject "Flix" */;
			compatibilityVersion = "Xcode 8.0";
			developmentRegion = en;
			hasScannedForEncodings = 0;
			knownRegions = (
				en,
				Base,
			);
			mainGroup = 55E523292022F3DA00D73D72;
			productRefGroup = 55E523332022F3DA00D73D72 /* Products */;
			projectDirPath = "";
			projectRoot = "";
			targets = (
				55E523312022F3DA00D73D72 /* Flix */,
				55E523452022F3DB00D73D72 /* FlixTests */,
				55E523502022F3DB00D73D72 /* FlixUITests */,
			);
		};
/* End PBXProject section */

/* Begin PBXResourcesBuildPhase section */
		55E523302022F3DA00D73D72 /* Resources */ = {
			isa = PBXResourcesBuildPhase;
			buildActionMask = 2147483647;
			files = (
				55E523402022F3DB00D73D72 /* LaunchScreen.storyboard in Resources */,
				55E5233D2022F3DB00D73D72 /* Assets.xcassets in Resources */,
				55E5233B2022F3DB00D73D72 /* Main.storyboard in Resources */,
			);
			runOnlyForDeploymentPostprocessing = 0;
		};
		55E523442022F3DB00D73D72 /* Resources */ = {
			isa = PBXResourcesBuildPhase;
			buildActionMask = 2147483647;
			files = (
			);
			runOnlyForDeploymentPostprocessing = 0;
		};
		55E5234F2022F3DB00D73D72 /* Resources */ = {
			isa = PBXResourcesBuildPhase;
			buildActionMask = 2147483647;
			files = (
			);
			runOnlyForDeploymentPostprocessing = 0;
		};
/* End PBXResourcesBuildPhase section */

/* Begin PBXShellScriptBuildPhase section */
		0B83ED83DF639B2653864812 /* [CP] Copy Pods Resources */ = {
			isa = PBXShellScriptBuildPhase;
			buildActionMask = 2147483647;
			files = (
			);
			inputPaths = (
			);
			name = "[CP] Copy Pods Resources";
			outputPaths = (
			);
			runOnlyForDeploymentPostprocessing = 0;
			shellPath = /bin/sh;
			shellScript = "\"${SRCROOT}/Pods/Target Support Files/Pods-FlixUITests/Pods-FlixUITests-resources.sh\"\n";
			showEnvVarsInLog = 0;
		};
		4A412E4C7FA5971A9A02187E /* [CP] Check Pods Manifest.lock */ = {
			isa = PBXShellScriptBuildPhase;
			buildActionMask = 2147483647;
			files = (
			);
			inputPaths = (
				"${PODS_PODFILE_DIR_PATH}/Podfile.lock",
				"${PODS_ROOT}/Manifest.lock",
			);
			name = "[CP] Check Pods Manifest.lock";
			outputPaths = (
				"$(DERIVED_FILE_DIR)/Pods-FlixUITests-checkManifestLockResult.txt",
			);
			runOnlyForDeploymentPostprocessing = 0;
			shellPath = /bin/sh;
			shellScript = "diff \"${PODS_PODFILE_DIR_PATH}/Podfile.lock\" \"${PODS_ROOT}/Manifest.lock\" > /dev/null\nif [ $? != 0 ] ; then\n    # print error to STDERR\n    echo \"error: The sandbox is not in sync with the Podfile.lock. Run 'pod install' or update your CocoaPods installation.\" >&2\n    exit 1\nfi\n# This output is used by Xcode 'outputs' to avoid re-running this script phase.\necho \"SUCCESS\" > \"${SCRIPT_OUTPUT_FILE_0}\"\n";
			showEnvVarsInLog = 0;
		};
		67570E6981371A82E481143C /* [CP] Check Pods Manifest.lock */ = {
			isa = PBXShellScriptBuildPhase;
			buildActionMask = 2147483647;
			files = (
			);
			inputPaths = (
				"${PODS_PODFILE_DIR_PATH}/Podfile.lock",
				"${PODS_ROOT}/Manifest.lock",
			);
			name = "[CP] Check Pods Manifest.lock";
			outputPaths = (
				"$(DERIVED_FILE_DIR)/Pods-FlixTests-checkManifestLockResult.txt",
			);
			runOnlyForDeploymentPostprocessing = 0;
			shellPath = /bin/sh;
			shellScript = "diff \"${PODS_PODFILE_DIR_PATH}/Podfile.lock\" \"${PODS_ROOT}/Manifest.lock\" > /dev/null\nif [ $? != 0 ] ; then\n    # print error to STDERR\n    echo \"error: The sandbox is not in sync with the Podfile.lock. Run 'pod install' or update your CocoaPods installation.\" >&2\n    exit 1\nfi\n# This output is used by Xcode 'outputs' to avoid re-running this script phase.\necho \"SUCCESS\" > \"${SCRIPT_OUTPUT_FILE_0}\"\n";
			showEnvVarsInLog = 0;
		};
		997768BDB7AEB2CA03607313 /* [CP] Copy Pods Resources */ = {
			isa = PBXShellScriptBuildPhase;
			buildActionMask = 2147483647;
			files = (
			);
			inputPaths = (
			);
			name = "[CP] Copy Pods Resources";
			outputPaths = (
			);
			runOnlyForDeploymentPostprocessing = 0;
			shellPath = /bin/sh;
			shellScript = "\"${SRCROOT}/Pods/Target Support Files/Pods-FlixTests/Pods-FlixTests-resources.sh\"\n";
			showEnvVarsInLog = 0;
		};
		9B5E5913652E9DD025545680 /* [CP] Embed Pods Frameworks */ = {
			isa = PBXShellScriptBuildPhase;
			buildActionMask = 2147483647;
			files = (
			);
			inputPaths = (
			);
			name = "[CP] Embed Pods Frameworks";
			outputPaths = (
			);
			runOnlyForDeploymentPostprocessing = 0;
			shellPath = /bin/sh;
			shellScript = "\"${SRCROOT}/Pods/Target Support Files/Pods-FlixTests/Pods-FlixTests-frameworks.sh\"\n";
			showEnvVarsInLog = 0;
		};
		CAB17B390C3E2639E803ACAE /* [CP] Copy Pods Resources */ = {
			isa = PBXShellScriptBuildPhase;
			buildActionMask = 2147483647;
			files = (
			);
			inputPaths = (
			);
			name = "[CP] Copy Pods Resources";
			outputPaths = (
			);
			runOnlyForDeploymentPostprocessing = 0;
			shellPath = /bin/sh;
			shellScript = "\"${SRCROOT}/Pods/Target Support Files/Pods-Flix/Pods-Flix-resources.sh\"\n";
			showEnvVarsInLog = 0;
		};
		D46048204E2C92410FACE2DB /* [CP] Embed Pods Frameworks */ = {
			isa = PBXShellScriptBuildPhase;
			buildActionMask = 2147483647;
			files = (
			);
			inputPaths = (
				"${SRCROOT}/Pods/Target Support Files/Pods-Flix/Pods-Flix-frameworks.sh",
				"${BUILT_PRODUCTS_DIR}/Alamofire/Alamofire.framework",
				"${BUILT_PRODUCTS_DIR}/AlamofireImage/AlamofireImage.framework",
			);
			name = "[CP] Embed Pods Frameworks";
			outputPaths = (
				"${TARGET_BUILD_DIR}/${FRAMEWORKS_FOLDER_PATH}/Alamofire.framework",
				"${TARGET_BUILD_DIR}/${FRAMEWORKS_FOLDER_PATH}/AlamofireImage.framework",
			);
			runOnlyForDeploymentPostprocessing = 0;
			shellPath = /bin/sh;
			shellScript = "\"${SRCROOT}/Pods/Target Support Files/Pods-Flix/Pods-Flix-frameworks.sh\"\n";
			showEnvVarsInLog = 0;
		};
		F52092438A54D12CB55D7E34 /* [CP] Check Pods Manifest.lock */ = {
			isa = PBXShellScriptBuildPhase;
			buildActionMask = 2147483647;
			files = (
			);
			inputPaths = (
				"${PODS_PODFILE_DIR_PATH}/Podfile.lock",
				"${PODS_ROOT}/Manifest.lock",
			);
			name = "[CP] Check Pods Manifest.lock";
			outputPaths = (
				"$(DERIVED_FILE_DIR)/Pods-Flix-checkManifestLockResult.txt",
			);
			runOnlyForDeploymentPostprocessing = 0;
			shellPath = /bin/sh;
			shellScript = "diff \"${PODS_PODFILE_DIR_PATH}/Podfile.lock\" \"${PODS_ROOT}/Manifest.lock\" > /dev/null\nif [ $? != 0 ] ; then\n    # print error to STDERR\n    echo \"error: The sandbox is not in sync with the Podfile.lock. Run 'pod install' or update your CocoaPods installation.\" >&2\n    exit 1\nfi\n# This output is used by Xcode 'outputs' to avoid re-running this script phase.\necho \"SUCCESS\" > \"${SCRIPT_OUTPUT_FILE_0}\"\n";
			showEnvVarsInLog = 0;
		};
		FDD3C674F273B4388F0D7604 /* [CP] Embed Pods Frameworks */ = {
			isa = PBXShellScriptBuildPhase;
			buildActionMask = 2147483647;
			files = (
			);
			inputPaths = (
			);
			name = "[CP] Embed Pods Frameworks";
			outputPaths = (
			);
			runOnlyForDeploymentPostprocessing = 0;
			shellPath = /bin/sh;
			shellScript = "\"${SRCROOT}/Pods/Target Support Files/Pods-FlixUITests/Pods-FlixUITests-frameworks.sh\"\n";
			showEnvVarsInLog = 0;
		};
/* End PBXShellScriptBuildPhase section */

/* Begin PBXSourcesBuildPhase section */
		55E5232E2022F3DA00D73D72 /* Sources */ = {
			isa = PBXSourcesBuildPhase;
			buildActionMask = 2147483647;
			files = (
				55B3562520296B14004445FE /* NowPlayingViewController.swift in Sources */,
				55E523362022F3DB00D73D72 /* AppDelegate.swift in Sources */,
				55B356292029915D004445FE /* MovieCell.swift in Sources */,
			);
			runOnlyForDeploymentPostprocessing = 0;
		};
		55E523422022F3DB00D73D72 /* Sources */ = {
			isa = PBXSourcesBuildPhase;
			buildActionMask = 2147483647;
			files = (
				55E5234B2022F3DB00D73D72 /* FlixTests.swift in Sources */,
			);
			runOnlyForDeploymentPostprocessing = 0;
		};
		55E5234D2022F3DB00D73D72 /* Sources */ = {
			isa = PBXSourcesBuildPhase;
			buildActionMask = 2147483647;
			files = (
				55E523562022F3DB00D73D72 /* FlixUITests.swift in Sources */,
			);
			runOnlyForDeploymentPostprocessing = 0;
		};
/* End PBXSourcesBuildPhase section */

/* Begin PBXTargetDependency section */
		55E523482022F3DB00D73D72 /* PBXTargetDependency */ = {
			isa = PBXTargetDependency;
			target = 55E523312022F3DA00D73D72 /* Flix */;
			targetProxy = 55E523472022F3DB00D73D72 /* PBXContainerItemProxy */;
		};
		55E523532022F3DB00D73D72 /* PBXTargetDependency */ = {
			isa = PBXTargetDependency;
			target = 55E523312022F3DA00D73D72 /* Flix */;
			targetProxy = 55E523522022F3DB00D73D72 /* PBXContainerItemProxy */;
		};
/* End PBXTargetDependency section */

/* Begin PBXVariantGroup section */
		55E523392022F3DB00D73D72 /* Main.storyboard */ = {
			isa = PBXVariantGroup;
			children = (
				55E5233A2022F3DB00D73D72 /* Base */,
			);
			name = Main.storyboard;
			sourceTree = "<group>";
		};
		55E5233E2022F3DB00D73D72 /* LaunchScreen.storyboard */ = {
			isa = PBXVariantGroup;
			children = (
				55E5233F2022F3DB00D73D72 /* Base */,
			);
			name = LaunchScreen.storyboard;
			sourceTree = "<group>";
		};
/* End PBXVariantGroup section */

/* Begin XCBuildConfiguration section */
		55E523582022F3DB00D73D72 /* Debug */ = {
			isa = XCBuildConfiguration;
			buildSettings = {
				ALWAYS_SEARCH_USER_PATHS = NO;
				CLANG_ANALYZER_NONNULL = YES;
				CLANG_ANALYZER_NUMBER_OBJECT_CONVERSION = YES_AGGRESSIVE;
				CLANG_CXX_LANGUAGE_STANDARD = "gnu++14";
				CLANG_CXX_LIBRARY = "libc++";
				CLANG_ENABLE_MODULES = YES;
				CLANG_ENABLE_OBJC_ARC = YES;
				CLANG_WARN_BLOCK_CAPTURE_AUTORELEASING = YES;
				CLANG_WARN_BOOL_CONVERSION = YES;
				CLANG_WARN_COMMA = YES;
				CLANG_WARN_CONSTANT_CONVERSION = YES;
				CLANG_WARN_DIRECT_OBJC_ISA_USAGE = YES_ERROR;
				CLANG_WARN_DOCUMENTATION_COMMENTS = YES;
				CLANG_WARN_EMPTY_BODY = YES;
				CLANG_WARN_ENUM_CONVERSION = YES;
				CLANG_WARN_INFINITE_RECURSION = YES;
				CLANG_WARN_INT_CONVERSION = YES;
				CLANG_WARN_NON_LITERAL_NULL_CONVERSION = YES;
				CLANG_WARN_OBJC_LITERAL_CONVERSION = YES;
				CLANG_WARN_OBJC_ROOT_CLASS = YES_ERROR;
				CLANG_WARN_RANGE_LOOP_ANALYSIS = YES;
				CLANG_WARN_STRICT_PROTOTYPES = YES;
				CLANG_WARN_SUSPICIOUS_MOVE = YES;
				CLANG_WARN_UNGUARDED_AVAILABILITY = YES_AGGRESSIVE;
				CLANG_WARN_UNREACHABLE_CODE = YES;
				CLANG_WARN__DUPLICATE_METHOD_MATCH = YES;
				CODE_SIGN_IDENTITY = "iPhone Developer";
				COPY_PHASE_STRIP = NO;
				DEBUG_INFORMATION_FORMAT = dwarf;
				ENABLE_STRICT_OBJC_MSGSEND = YES;
				ENABLE_TESTABILITY = YES;
				GCC_C_LANGUAGE_STANDARD = gnu11;
				GCC_DYNAMIC_NO_PIC = NO;
				GCC_NO_COMMON_BLOCKS = YES;
				GCC_OPTIMIZATION_LEVEL = 0;
				GCC_PREPROCESSOR_DEFINITIONS = (
					"DEBUG=1",
					"$(inherited)",
				);
				GCC_WARN_64_TO_32_BIT_CONVERSION = YES;
				GCC_WARN_ABOUT_RETURN_TYPE = YES_ERROR;
				GCC_WARN_UNDECLARED_SELECTOR = YES;
				GCC_WARN_UNINITIALIZED_AUTOS = YES_AGGRESSIVE;
				GCC_WARN_UNUSED_FUNCTION = YES;
				GCC_WARN_UNUSED_VARIABLE = YES;
				IPHONEOS_DEPLOYMENT_TARGET = 11.2;
				MTL_ENABLE_DEBUG_INFO = YES;
				ONLY_ACTIVE_ARCH = YES;
				SDKROOT = iphoneos;
				SWIFT_ACTIVE_COMPILATION_CONDITIONS = DEBUG;
				SWIFT_OPTIMIZATION_LEVEL = "-Onone";
			};
			name = Debug;
		};
		55E523592022F3DB00D73D72 /* Release */ = {
			isa = XCBuildConfiguration;
			buildSettings = {
				ALWAYS_SEARCH_USER_PATHS = NO;
				CLANG_ANALYZER_NONNULL = YES;
				CLANG_ANALYZER_NUMBER_OBJECT_CONVERSION = YES_AGGRESSIVE;
				CLANG_CXX_LANGUAGE_STANDARD = "gnu++14";
				CLANG_CXX_LIBRARY = "libc++";
				CLANG_ENABLE_MODULES = YES;
				CLANG_ENABLE_OBJC_ARC = YES;
				CLANG_WARN_BLOCK_CAPTURE_AUTORELEASING = YES;
				CLANG_WARN_BOOL_CONVERSION = YES;
				CLANG_WARN_COMMA = YES;
				CLANG_WARN_CONSTANT_CONVERSION = YES;
				CLANG_WARN_DIRECT_OBJC_ISA_USAGE = YES_ERROR;
				CLANG_WARN_DOCUMENTATION_COMMENTS = YES;
				CLANG_WARN_EMPTY_BODY = YES;
				CLANG_WARN_ENUM_CONVERSION = YES;
				CLANG_WARN_INFINITE_RECURSION = YES;
				CLANG_WARN_INT_CONVERSION = YES;
				CLANG_WARN_NON_LITERAL_NULL_CONVERSION = YES;
				CLANG_WARN_OBJC_LITERAL_CONVERSION = YES;
				CLANG_WARN_OBJC_ROOT_CLASS = YES_ERROR;
				CLANG_WARN_RANGE_LOOP_ANALYSIS = YES;
				CLANG_WARN_STRICT_PROTOTYPES = YES;
				CLANG_WARN_SUSPICIOUS_MOVE = YES;
				CLANG_WARN_UNGUARDED_AVAILABILITY = YES_AGGRESSIVE;
				CLANG_WARN_UNREACHABLE_CODE = YES;
				CLANG_WARN__DUPLICATE_METHOD_MATCH = YES;
				CODE_SIGN_IDENTITY = "iPhone Developer";
				COPY_PHASE_STRIP = NO;
				DEBUG_INFORMATION_FORMAT = "dwarf-with-dsym";
				ENABLE_NS_ASSERTIONS = NO;
				ENABLE_STRICT_OBJC_MSGSEND = YES;
				GCC_C_LANGUAGE_STANDARD = gnu11;
				GCC_NO_COMMON_BLOCKS = YES;
				GCC_WARN_64_TO_32_BIT_CONVERSION = YES;
				GCC_WARN_ABOUT_RETURN_TYPE = YES_ERROR;
				GCC_WARN_UNDECLARED_SELECTOR = YES;
				GCC_WARN_UNINITIALIZED_AUTOS = YES_AGGRESSIVE;
				GCC_WARN_UNUSED_FUNCTION = YES;
				GCC_WARN_UNUSED_VARIABLE = YES;
				IPHONEOS_DEPLOYMENT_TARGET = 11.2;
				MTL_ENABLE_DEBUG_INFO = NO;
				SDKROOT = iphoneos;
				SWIFT_OPTIMIZATION_LEVEL = "-Owholemodule";
				VALIDATE_PRODUCT = YES;
			};
			name = Release;
		};
		55E5235B2022F3DB00D73D72 /* Debug */ = {
			isa = XCBuildConfiguration;
			baseConfigurationReference = 68232470D28C1E1A4DA161F8 /* Pods-Flix.debug.xcconfig */;
			buildSettings = {
				ASSETCATALOG_COMPILER_APPICON_NAME = AppIcon;
				"CODE_SIGN_IDENTITY[sdk=iphoneos*]" = "iPhone Developer";
				CODE_SIGN_STYLE = Manual;
				DEVELOPMENT_TEAM = "";
				INFOPLIST_FILE = Flix/Info.plist;
				LD_RUNPATH_SEARCH_PATHS = "$(inherited) @executable_path/Frameworks";
				PRODUCT_BUNDLE_IDENTIFIER = KYZ.Flix;
				PRODUCT_NAME = "$(TARGET_NAME)";
				PROVISIONING_PROFILE_SPECIFIER = "";
				SWIFT_VERSION = 4.0;
				TARGETED_DEVICE_FAMILY = "1,2";
			};
			name = Debug;
		};
		55E5235C2022F3DB00D73D72 /* Release */ = {
			isa = XCBuildConfiguration;
			baseConfigurationReference = 6C4F1048238F2738813C4E1B /* Pods-Flix.release.xcconfig */;
			buildSettings = {
				ASSETCATALOG_COMPILER_APPICON_NAME = AppIcon;
				"CODE_SIGN_IDENTITY[sdk=iphoneos*]" = "iPhone Developer";
				CODE_SIGN_STYLE = Manual;
				DEVELOPMENT_TEAM = "";
				INFOPLIST_FILE = Flix/Info.plist;
				LD_RUNPATH_SEARCH_PATHS = "$(inherited) @executable_path/Frameworks";
				PRODUCT_BUNDLE_IDENTIFIER = KYZ.Flix;
				PRODUCT_NAME = "$(TARGET_NAME)";
				PROVISIONING_PROFILE_SPECIFIER = "";
				SWIFT_VERSION = 4.0;
				TARGETED_DEVICE_FAMILY = "1,2";
			};
			name = Release;
		};
		55E5235E2022F3DB00D73D72 /* Debug */ = {
			isa = XCBuildConfiguration;
			baseConfigurationReference = ECB233F19D7F6905F1F9434D /* Pods-FlixTests.debug.xcconfig */;
			buildSettings = {
				ALWAYS_EMBED_SWIFT_STANDARD_LIBRARIES = YES;
				BUNDLE_LOADER = "$(TEST_HOST)";
				CODE_SIGN_STYLE = Automatic;
				INFOPLIST_FILE = FlixTests/Info.plist;
				LD_RUNPATH_SEARCH_PATHS = "$(inherited) @executable_path/Frameworks @loader_path/Frameworks";
				PRODUCT_BUNDLE_IDENTIFIER = KYZ.FlixTests;
				PRODUCT_NAME = "$(TARGET_NAME)";
				SWIFT_VERSION = 4.0;
				TARGETED_DEVICE_FAMILY = "1,2";
				TEST_HOST = "$(BUILT_PRODUCTS_DIR)/Flix.app/Flix";
			};
			name = Debug;
		};
		55E5235F2022F3DB00D73D72 /* Release */ = {
			isa = XCBuildConfiguration;
			baseConfigurationReference = 0965D361AD83C0E218F6BCA1 /* Pods-FlixTests.release.xcconfig */;
			buildSettings = {
				ALWAYS_EMBED_SWIFT_STANDARD_LIBRARIES = YES;
				BUNDLE_LOADER = "$(TEST_HOST)";
				CODE_SIGN_STYLE = Automatic;
				INFOPLIST_FILE = FlixTests/Info.plist;
				LD_RUNPATH_SEARCH_PATHS = "$(inherited) @executable_path/Frameworks @loader_path/Frameworks";
				PRODUCT_BUNDLE_IDENTIFIER = KYZ.FlixTests;
				PRODUCT_NAME = "$(TARGET_NAME)";
				SWIFT_VERSION = 4.0;
				TARGETED_DEVICE_FAMILY = "1,2";
				TEST_HOST = "$(BUILT_PRODUCTS_DIR)/Flix.app/Flix";
			};
			name = Release;
		};
		55E523612022F3DB00D73D72 /* Debug */ = {
			isa = XCBuildConfiguration;
			baseConfigurationReference = F411BD73C7AC613B7C38DA06 /* Pods-FlixUITests.debug.xcconfig */;
			buildSettings = {
				ALWAYS_EMBED_SWIFT_STANDARD_LIBRARIES = YES;
				CODE_SIGN_STYLE = Automatic;
				INFOPLIST_FILE = FlixUITests/Info.plist;
				LD_RUNPATH_SEARCH_PATHS = "$(inherited) @executable_path/Frameworks @loader_path/Frameworks";
				PRODUCT_BUNDLE_IDENTIFIER = KYZ.FlixUITests;
				PRODUCT_NAME = "$(TARGET_NAME)";
				SWIFT_VERSION = 4.0;
				TARGETED_DEVICE_FAMILY = "1,2";
				TEST_TARGET_NAME = Flix;
			};
			name = Debug;
		};
		55E523622022F3DB00D73D72 /* Release */ = {
			isa = XCBuildConfiguration;
			baseConfigurationReference = A29AFB6AAADC77D9EE69D91C /* Pods-FlixUITests.release.xcconfig */;
			buildSettings = {
				ALWAYS_EMBED_SWIFT_STANDARD_LIBRARIES = YES;
				CODE_SIGN_STYLE = Automatic;
				INFOPLIST_FILE = FlixUITests/Info.plist;
				LD_RUNPATH_SEARCH_PATHS = "$(inherited) @executable_path/Frameworks @loader_path/Frameworks";
				PRODUCT_BUNDLE_IDENTIFIER = KYZ.FlixUITests;
				PRODUCT_NAME = "$(TARGET_NAME)";
				SWIFT_VERSION = 4.0;
				TARGETED_DEVICE_FAMILY = "1,2";
				TEST_TARGET_NAME = Flix;
			};
			name = Release;
		};
/* End XCBuildConfiguration section */

/* Begin XCConfigurationList section */
		55E5232D2022F3DA00D73D72 /* Build configuration list for PBXProject "Flix" */ = {
			isa = XCConfigurationList;
			buildConfigurations = (
				55E523582022F3DB00D73D72 /* Debug */,
				55E523592022F3DB00D73D72 /* Release */,
			);
			defaultConfigurationIsVisible = 0;
			defaultConfigurationName = Release;
		};
		55E5235A2022F3DB00D73D72 /* Build configuration list for PBXNativeTarget "Flix" */ = {
			isa = XCConfigurationList;
			buildConfigurations = (
				55E5235B2022F3DB00D73D72 /* Debug */,
				55E5235C2022F3DB00D73D72 /* Release */,
			);
			defaultConfigurationIsVisible = 0;
			defaultConfigurationName = Release;
		};
		55E5235D2022F3DB00D73D72 /* Build configuration list for PBXNativeTarget "FlixTests" */ = {
			isa = XCConfigurationList;
			buildConfigurations = (
				55E5235E2022F3DB00D73D72 /* Debug */,
				55E5235F2022F3DB00D73D72 /* Release */,
			);
			defaultConfigurationIsVisible = 0;
			defaultConfigurationName = Release;
		};
		55E523602022F3DB00D73D72 /* Build configuration list for PBXNativeTarget "FlixUITests" */ = {
			isa = XCConfigurationList;
			buildConfigurations = (
				55E523612022F3DB00D73D72 /* Debug */,
				55E523622022F3DB00D73D72 /* Release */,
			);
			defaultConfigurationIsVisible = 0;
			defaultConfigurationName = Release;
		};
/* End XCConfigurationList section */
	};
	rootObject = 55E5232A2022F3DA00D73D72 /* Project object */;
}
