// !$*UTF8*$!
{
	archiveVersion = 1;
	classes = {
	};
	objectVersion = 48;
	objects = {

/* Begin PBXBuildFile section */
		55E523362022F3DB00D73D72 /* AppDelegate.swift in Sources */ = {isa = PBXBuildFile; fileRef = 55E523352022F3DB00D73D72 /* AppDelegate.swift */; };
		55E523382022F3DB00D73D72 /* ViewController.swift in Sources */ = {isa = PBXBuildFile; fileRef = 55E523372022F3DB00D73D72 /* ViewController.swift */; };
		55E5233B2022F3DB00D73D72 /* Main.storyboard in Resources */ = {isa = PBXBuildFile; fileRef = 55E523392022F3DB00D73D72 /* Main.storyboard */; };
		55E5233D2022F3DB00D73D72 /* Assets.xcassets in Resources */ = {isa = PBXBuildFile; fileRef = 55E5233C2022F3DB00D73D72 /* Assets.xcassets */; };
		55E523402022F3DB00D73D72 /* LaunchScreen.storyboard in Resources */ = {isa = PBXBuildFile; fileRef = 55E5233E2022F3DB00D73D72 /* LaunchScreen.storyboard */; };
		55E5234B2022F3DB00D73D72 /* FlixTests.swift in Sources */ = {isa = PBXBuildFile; fileRef = 55E5234A2022F3DB00D73D72 /* FlixTests.swift */; };
		55E523562022F3DB00D73D72 /* FlixUITests.swift in Sources */ = {isa = PBXBuildFile; fileRef = 55E523552022F3DB00D73D72 /* FlixUITests.swift */; };
/* End PBXBuildFile section */

/* Begin PBXContainerItemProxy section */
		55E523472022F3DB00D73D72 /* PBXContainerItemProxy */ = {
			isa = PBXContainerItemProxy;
			containerPortal = 55E5232A2022F3DA00D73D72 /* Project object */;
			proxyType = 1;
			remoteGlobalIDString = 55E523312022F3DA00D73D72;
			remoteInfo = Flix;
		};
		55E523522022F3DB00D73D72 /* PBXContainerItemProxy */ = {
			isa = PBXContainerItemProxy;
			containerPortal = 55E5232A2022F3DA00D73D72 /* Project object */;
			proxyType = 1;
			remoteGlobalIDString = 55E523312022F3DA00D73D72;
			remoteInfo = Flix;
		};
/* End PBXContainerItemProxy section */

/* Begin PBXFileReference section */
		55E523322022F3DA00D73D72 /* Flix.app */ = {isa = PBXFileReference; explicitFileType = wrapper.application; includeInIndex = 0; path = Flix.app; sourceTree = BUILT_PRODUCTS_DIR; };
		55E523352022F3DB00D73D72 /* AppDelegate.swift */ = {isa = PBXFileReference; lastKnownFileType = sourcecode.swift; path = AppDelegate.swift; sourceTree = "<group>"; };
		55E523372022F3DB00D73D72 /* ViewController.swift */ = {isa = PBXFileReference; lastKnownFileType = sourcecode.swift; path = ViewController.swift; sourceTree = "<group>"; };
		55E5233A2022F3DB00D73D72 /* Base */ = {isa = PBXFileReference; lastKnownFileType = file.storyboard; name = Base; path = Base.lproj/Main.storyboard; sourceTree = "<group>"; };
		55E5233C2022F3DB00D73D72 /* Assets.xcassets */ = {isa = PBXFileReference; lastKnownFileType = folder.assetcatalog; path = Assets.xcassets; sourceTree = "<group>"; };
		55E5233F2022F3DB00D73D72 /* Base */ = {isa = PBXFileReference; lastKnownFileType = file.storyboard; name = Base; path = Base.lproj/LaunchScreen.storyboard; sourceTree = "<group>"; };
		55E523412022F3DB00D73D72 /* Info.plist */ = {isa = PBXFileReference; lastKnownFileType = text.plist.xml; path = Info.plist; sourceTree = "<group>"; };
		55E523462022F3DB00D73D72 /* FlixTests.xctest */ = {isa = PBXFileReference; explicitFileType = wrapper.cfbundle; includeInIndex = 0; path = FlixTests.xctest; sourceTree = BUILT_PRODUCTS_DIR; };
		55E5234A2022F3DB00D73D72 /* FlixTests.swift */ = {isa = PBXFileReference; lastKnownFileType = sourcecode.swift; path = FlixTests.swift; sourceTree = "<group>"; };
		55E5234C2022F3DB00D73D72 /* Info.plist */ = {isa = PBXFileReference; lastKnownFileType = text.plist.xml; path = Info.plist; sourceTree = "<group>"; };
		55E523512022F3DB00D73D72 /* FlixUITests.xctest */ = {isa = PBXFileReference; explicitFileType = wrapper.cfbundle; includeInIndex = 0; path = FlixUITests.xctest; sourceTree = BUILT_PRODUCTS_DIR; };
		55E523552022F3DB00D73D72 /* FlixUITests.swift */ = {isa = PBXFileReference; lastKnownFileType = sourcecode.swift; path = FlixUITests.swift; sourceTree = "<group>"; };
		55E523572022F3DB00D73D72 /* Info.plist */ = {isa = PBXFileReference; lastKnownFileType = text.plist.xml; path = Info.plist; sourceTree = "<group>"; };
/* End PBXFileReference section */

/* Begin PBXFrameworksBuildPhase section */
		55E5232F2022F3DA00D73D72 /* Frameworks */ = {
			isa = PBXFrameworksBuildPhase;
			buildActionMask = 2147483647;
			files = (
			);
			runOnlyForDeploymentPostprocessing = 0;
		};
		55E523432022F3DB00D73D72 /* Frameworks */ = {
			isa = PBXFrameworksBuildPhase;
			buildActionMask = 2147483647;
			files = (
			);
			runOnlyForDeploymentPostprocessing = 0;
		};
		55E5234E2022F3DB00D73D72 /* Frameworks */ = {
			isa = PBXFrameworksBuildPhase;
			buildActionMask = 2147483647;
			files = (
			);
			runOnlyForDeploymentPostprocessing = 0;
		};
/* End PBXFrameworksBuildPhase section */

/* Begin PBXGroup section */
		55E523292022F3DA00D73D72 = {
			isa = PBXGroup;
			children = (
				55E523342022F3DA00D73D72 /* Flix */,
				55E523492022F3DB00D73D72 /* FlixTests */,
				55E523542022F3DB00D73D72 /* FlixUITests */,
				55E523332022F3DA00D73D72 /* Products */,
			);
			sourceTree = "<group>";
		};
		55E523332022F3DA00D73D72 /* Products */ = {
			isa = PBXGroup;
			children = (
				55E523322022F3DA00D73D72 /* Flix.app */,
				55E523462022F3DB00D73D72 /* FlixTests.xctest */,
				55E523512022F3DB00D73D72 /* FlixUITests.xctest */,
			);
			name = Products;
			sourceTree = "<group>";
		};
		55E523342022F3DA00D73D72 /* Flix */ = {
			isa = PBXGroup;
			children = (
				55E523352022F3DB00D73D72 /* AppDelegate.swift */,
				55E523372022F3DB00D73D72 /* ViewController.swift */,
				55E523392022F3DB00D73D72 /* Main.storyboard */,
				55E5233C2022F3DB00D73D72 /* Assets.xcassets */,
				55E5233E2022F3DB00D73D72 /* LaunchScreen.storyboard */,
				55E523412022F3DB00D73D72 /* Info.plist */,
			);
			path = Flix;
			sourceTree = "<group>";
		};
		55E523492022F3DB00D73D72 /* FlixTests */ = {
			isa = PBXGroup;
			children = (
				55E5234A2022F3DB00D73D72 /* FlixTests.swift */,
				55E5234C2022F3DB00D73D72 /* Info.plist */,
			);
			path = FlixTests;
			sourceTree = "<group>";
		};
		55E523542022F3DB00D73D72 /* FlixUITests */ = {
			isa = PBXGroup;
			children = (
				55E523552022F3DB00D73D72 /* FlixUITests.swift */,
				55E523572022F3DB00D73D72 /* Info.plist */,
			);
			path = FlixUITests;
			sourceTree = "<group>";
		};
/* End PBXGroup section */

/* Begin PBXNativeTarget section */
		55E523312022F3DA00D73D72 /* Flix */ = {
			isa = PBXNativeTarget;
			buildConfigurationList = 55E5235A2022F3DB00D73D72 /* Build configuration list for PBXNativeTarget "Flix" */;
			buildPhases = (
				55E5232E2022F3DA00D73D72 /* Sources */,
				55E5232F2022F3DA00D73D72 /* Frameworks */,
				55E523302022F3DA00D73D72 /* Resources */,
			);
			buildRules = (
			);
			dependencies = (
			);
			name = Flix;
			productName = Flix;
			productReference = 55E523322022F3DA00D73D72 /* Flix.app */;
			productType = "com.apple.product-type.application";
		};
		55E523452022F3DB00D73D72 /* FlixTests */ = {
			isa = PBXNativeTarget;
			buildConfigurationList = 55E5235D2022F3DB00D73D72 /* Build configuration list for PBXNativeTarget "FlixTests" */;
			buildPhases = (
				55E523422022F3DB00D73D72 /* Sources */,
				55E523432022F3DB00D73D72 /* Frameworks */,
				55E523442022F3DB00D73D72 /* Resources */,
			);
			buildRules = (
			);
			dependencies = (
				55E523482022F3DB00D73D72 /* PBXTargetDependency */,
			);
			name = FlixTests;
			productName = FlixTests;
			productReference = 55E523462022F3DB00D73D72 /* FlixTests.xctest */;
			productType = "com.apple.product-type.bundle.unit-test";
		};
		55E523502022F3DB00D73D72 /* FlixUITests */ = {
			isa = PBXNativeTarget;
			buildConfigurationList = 55E523602022F3DB00D73D72 /* Build configuration list for PBXNativeTarget "FlixUITests" */;
			buildPhases = (
				55E5234D2022F3DB00D73D72 /* Sources */,
				55E5234E2022F3DB00D73D72 /* Frameworks */,
				55E5234F2022F3DB00D73D72 /* Resources */,
			);
			buildRules = (
			);
			dependencies = (
				55E523532022F3DB00D73D72 /* PBXTargetDependency */,
			);
			name = FlixUITests;
			productName = FlixUITests;
			productReference = 55E523512022F3DB00D73D72 /* FlixUITests.xctest */;
			productType = "com.apple.product-type.bundle.ui-testing";
		};
/* End PBXNativeTarget section */

/* Begin PBXProject section */
		55E5232A2022F3DA00D73D72 /* Project object */ = {
			isa = PBXProject;
			attributes = {
				LastSwiftUpdateCheck = 0920;
				LastUpgradeCheck = 0920;
				ORGANIZATIONNAME = "Kyle Zhong ";
				TargetAttributes = {
					55E523312022F3DA00D73D72 = {
						CreatedOnToolsVersion = 9.2;
						ProvisioningStyle = Automatic;
					};
					55E523452022F3DB00D73D72 = {
						CreatedOnToolsVersion = 9.2;
						ProvisioningStyle = Automatic;
						TestTargetID = 55E523312022F3DA00D73D72;
					};
					55E523502022F3DB00D73D72 = {
						CreatedOnToolsVersion = 9.2;
						ProvisioningStyle = Automatic;
						TestTargetID = 55E523312022F3DA00D73D72;
					};
				};
			};
			buildConfigurationList = 55E5232D2022F3DA00D73D72 /* Build configuration list for PBXProject "Flix" */;
			compatibilityVersion = "Xcode 8.0";
			developmentRegion = en;
			hasScannedForEncodings = 0;
			knownRegions = (
				en,
				Base,
			);
			mainGroup = 55E523292022F3DA00D73D72;
			productRefGroup = 55E523332022F3DA00D73D72 /* Products */;
			projectDirPath = "";
			projectRoot = "";
			targets = (
				55E523312022F3DA00D73D72 /* Flix */,
				55E523452022F3DB00D73D72 /* FlixTests */,
				55E523502022F3DB00D73D72 /* FlixUITests */,
			);
		};
/* End PBXProject section */

/* Begin PBXResourcesBuildPhase section */
		55E523302022F3DA00D73D72 /* Resources */ = {
			isa = PBXResourcesBuildPhase;
			buildActionMask = 2147483647;
			files = (
				55E523402022F3DB00D73D72 /* LaunchScreen.storyboard in Resources */,
				55E5233D2022F3DB00D73D72 /* Assets.xcassets in Resources */,
				55E5233B2022F3DB00D73D72 /* Main.storyboard in Resources */,
			);
			runOnlyForDeploymentPostprocessing = 0;
		};
		55E523442022F3DB00D73D72 /* Resources */ = {
			isa = PBXResourcesBuildPhase;
			buildActionMask = 2147483647;
			files = (
			);
			runOnlyForDeploymentPostprocessing = 0;
		};
		55E5234F2022F3DB00D73D72 /* Resources */ = {
			isa = PBXResourcesBuildPhase;
			buildActionMask = 2147483647;
			files = (
			);
			runOnlyForDeploymentPostprocessing = 0;
		};
/* End PBXResourcesBuildPhase section */

/* Begin PBXSourcesBuildPhase section */
		55E5232E2022F3DA00D73D72 /* Sources */ = {
			isa = PBXSourcesBuildPhase;
			buildActionMask = 2147483647;
			files = (
				55E523382022F3DB00D73D72 /* ViewController.swift in Sources */,
				55E523362022F3DB00D73D72 /* AppDelegate.swift in Sources */,
			);
			runOnlyForDeploymentPostprocessing = 0;
		};
		55E523422022F3DB00D73D72 /* Sources */ = {
			isa = PBXSourcesBuildPhase;
			buildActionMask = 2147483647;
			files = (
				55E5234B2022F3DB00D73D72 /* FlixTests.swift in Sources */,
			);
			runOnlyForDeploymentPostprocessing = 0;
		};
		55E5234D2022F3DB00D73D72 /* Sources */ = {
			isa = PBXSourcesBuildPhase;
			buildActionMask = 2147483647;
			files = (
				55E523562022F3DB00D73D72 /* FlixUITests.swift in Sources */,
			);
			runOnlyForDeploymentPostprocessing = 0;
		};
/* End PBXSourcesBuildPhase section */

/* Begin PBXTargetDependency section */
		55E523482022F3DB00D73D72 /* PBXTargetDependency */ = {
			isa = PBXTargetDependency;
			target = 55E523312022F3DA00D73D72 /* Flix */;
			targetProxy = 55E523472022F3DB00D73D72 /* PBXContainerItemProxy */;
		};
		55E523532022F3DB00D73D72 /* PBXTargetDependency */ = {
			isa = PBXTargetDependency;
			target = 55E523312022F3DA00D73D72 /* Flix */;
			targetProxy = 55E523522022F3DB00D73D72 /* PBXContainerItemProxy */;
		};
/* End PBXTargetDependency section */

/* Begin PBXVariantGroup section */
		55E523392022F3DB00D73D72 /* Main.storyboard */ = {
			isa = PBXVariantGroup;
			children = (
				55E5233A2022F3DB00D73D72 /* Base */,
			);
			name = Main.storyboard;
			sourceTree = "<group>";
		};
		55E5233E2022F3DB00D73D72 /* LaunchScreen.storyboard */ = {
			isa = PBXVariantGroup;
			children = (
				55E5233F2022F3DB00D73D72 /* Base */,
			);
			name = LaunchScreen.storyboard;
			sourceTree = "<group>";
		};
/* End PBXVariantGroup section */

/* Begin XCBuildConfiguration section */
		55E523582022F3DB00D73D72 /* Debug */ = {
			isa = XCBuildConfiguration;
			buildSettings = {
				ALWAYS_SEARCH_USER_PATHS = NO;
				CLANG_ANALYZER_NONNULL = YES;
				CLANG_ANALYZER_NUMBER_OBJECT_CONVERSION = YES_AGGRESSIVE;
				CLANG_CXX_LANGUAGE_STANDARD = "gnu++14";
				CLANG_CXX_LIBRARY = "libc++";
				CLANG_ENABLE_MODULES = YES;
				CLANG_ENABLE_OBJC_ARC = YES;
				CLANG_WARN_BLOCK_CAPTURE_AUTORELEASING = YES;
				CLANG_WARN_BOOL_CONVERSION = YES;
				CLANG_WARN_COMMA = YES;
				CLANG_WARN_CONSTANT_CONVERSION = YES;
				CLANG_WARN_DIRECT_OBJC_ISA_USAGE = YES_ERROR;
				CLANG_WARN_DOCUMENTATION_COMMENTS = YES;
				CLANG_WARN_EMPTY_BODY = YES;
				CLANG_WARN_ENUM_CONVERSION = YES;
				CLANG_WARN_INFINITE_RECURSION = YES;
				CLANG_WARN_INT_CONVERSION = YES;
				CLANG_WARN_NON_LITERAL_NULL_CONVERSION = YES;
				CLANG_WARN_OBJC_LITERAL_CONVERSION = YES;
				CLANG_WARN_OBJC_ROOT_CLASS = YES_ERROR;
				CLANG_WARN_RANGE_LOOP_ANALYSIS = YES;
				CLANG_WARN_STRICT_PROTOTYPES = YES;
				CLANG_WARN_SUSPICIOUS_MOVE = YES;
				CLANG_WARN_UNGUARDED_AVAILABILITY = YES_AGGRESSIVE;
				CLANG_WARN_UNREACHABLE_CODE = YES;
				CLANG_WARN__DUPLICATE_METHOD_MATCH = YES;
				CODE_SIGN_IDENTITY = "iPhone Developer";
				COPY_PHASE_STRIP = NO;
				DEBUG_INFORMATION_FORMAT = dwarf;
				ENABLE_STRICT_OBJC_MSGSEND = YES;
				ENABLE_TESTABILITY = YES;
				GCC_C_LANGUAGE_STANDARD = gnu11;
				GCC_DYNAMIC_NO_PIC = NO;
				GCC_NO_COMMON_BLOCKS = YES;
				GCC_OPTIMIZATION_LEVEL = 0;
				GCC_PREPROCESSOR_DEFINITIONS = (
					"DEBUG=1",
					"$(inherited)",
				);
				GCC_WARN_64_TO_32_BIT_CONVERSION = YES;
				GCC_WARN_ABOUT_RETURN_TYPE = YES_ERROR;
				GCC_WARN_UNDECLARED_SELECTOR = YES;
				GCC_WARN_UNINITIALIZED_AUTOS = YES_AGGRESSIVE;
				GCC_WARN_UNUSED_FUNCTION = YES;
				GCC_WARN_UNUSED_VARIABLE = YES;
				IPHONEOS_DEPLOYMENT_TARGET = 11.2;
				MTL_ENABLE_DEBUG_INFO = YES;
				ONLY_ACTIVE_ARCH = YES;
				SDKROOT = iphoneos;
				SWIFT_ACTIVE_COMPILATION_CONDITIONS = DEBUG;
				SWIFT_OPTIMIZATION_LEVEL = "-Onone";
			};
			name = Debug;
		};
		55E523592022F3DB00D73D72 /* Release */ = {
			isa = XCBuildConfiguration;
			buildSettings = {
				ALWAYS_SEARCH_USER_PATHS = NO;
				CLANG_ANALYZER_NONNULL = YES;
				CLANG_ANALYZER_NUMBER_OBJECT_CONVERSION = YES_AGGRESSIVE;
				CLANG_CXX_LANGUAGE_STANDARD = "gnu++14";
				CLANG_CXX_LIBRARY = "libc++";
				CLANG_ENABLE_MODULES = YES;
				CLANG_ENABLE_OBJC_ARC = YES;
				CLANG_WARN_BLOCK_CAPTURE_AUTORELEASING = YES;
				CLANG_WARN_BOOL_CONVERSION = YES;
				CLANG_WARN_COMMA = YES;
				CLANG_WARN_CONSTANT_CONVERSION = YES;
				CLANG_WARN_DIRECT_OBJC_ISA_USAGE = YES_ERROR;
				CLANG_WARN_DOCUMENTATION_COMMENTS = YES;
				CLANG_WARN_EMPTY_BODY = YES;
				CLANG_WARN_ENUM_CONVERSION = YES;
				CLANG_WARN_INFINITE_RECURSION = YES;
				CLANG_WARN_INT_CONVERSION = YES;
				CLANG_WARN_NON_LITERAL_NULL_CONVERSION = YES;
				CLANG_WARN_OBJC_LITERAL_CONVERSION = YES;
				CLANG_WARN_OBJC_ROOT_CLASS = YES_ERROR;
				CLANG_WARN_RANGE_LOOP_ANALYSIS = YES;
				CLANG_WARN_STRICT_PROTOTYPES = YES;
				CLANG_WARN_SUSPICIOUS_MOVE = YES;
				CLANG_WARN_UNGUARDED_AVAILABILITY = YES_AGGRESSIVE;
				CLANG_WARN_UNREACHABLE_CODE = YES;
				CLANG_WARN__DUPLICATE_METHOD_MATCH = YES;
				CODE_SIGN_IDENTITY = "iPhone Developer";
				COPY_PHASE_STRIP = NO;
				DEBUG_INFORMATION_FORMAT = "dwarf-with-dsym";
				ENABLE_NS_ASSERTIONS = NO;
				ENABLE_STRICT_OBJC_MSGSEND = YES;
				GCC_C_LANGUAGE_STANDARD = gnu11;
				GCC_NO_COMMON_BLOCKS = YES;
				GCC_WARN_64_TO_32_BIT_CONVERSION = YES;
				GCC_WARN_ABOUT_RETURN_TYPE = YES_ERROR;
				GCC_WARN_UNDECLARED_SELECTOR = YES;
				GCC_WARN_UNINITIALIZED_AUTOS = YES_AGGRESSIVE;
				GCC_WARN_UNUSED_FUNCTION = YES;
				GCC_WARN_UNUSED_VARIABLE = YES;
				IPHONEOS_DEPLOYMENT_TARGET = 11.2;
				MTL_ENABLE_DEBUG_INFO = NO;
				SDKROOT = iphoneos;
				SWIFT_OPTIMIZATION_LEVEL = "-Owholemodule";
				VALIDATE_PRODUCT = YES;
			};
			name = Release;
		};
		55E5235B2022F3DB00D73D72 /* Debug */ = {
			isa = XCBuildConfiguration;
			buildSettings = {
				ASSETCATALOG_COMPILER_APPICON_NAME = AppIcon;
				CODE_SIGN_STYLE = Automatic;
				INFOPLIST_FILE = Flix/Info.plist;
				LD_RUNPATH_SEARCH_PATHS = "$(inherited) @executable_path/Frameworks";
				PRODUCT_BUNDLE_IDENTIFIER = KYZ.Flix;
				PRODUCT_NAME = "$(TARGET_NAME)";
				SWIFT_VERSION = 4.0;
				TARGETED_DEVICE_FAMILY = "1,2";
			};
			name = Debug;
		};
		55E5235C2022F3DB00D73D72 /* Release */ = {
			isa = XCBuildConfiguration;
			buildSettings = {
				ASSETCATALOG_COMPILER_APPICON_NAME = AppIcon;
				CODE_SIGN_STYLE = Automatic;
				INFOPLIST_FILE = Flix/Info.plist;
				LD_RUNPATH_SEARCH_PATHS = "$(inherited) @executable_path/Frameworks";
				PRODUCT_BUNDLE_IDENTIFIER = KYZ.Flix;
				PRODUCT_NAME = "$(TARGET_NAME)";
				SWIFT_VERSION = 4.0;
				TARGETED_DEVICE_FAMILY = "1,2";
			};
			name = Release;
		};
		55E5235E2022F3DB00D73D72 /* Debug */ = {
			isa = XCBuildConfiguration;
			buildSettings = {
				ALWAYS_EMBED_SWIFT_STANDARD_LIBRARIES = YES;
				BUNDLE_LOADER = "$(TEST_HOST)";
				CODE_SIGN_STYLE = Automatic;
				INFOPLIST_FILE = FlixTests/Info.plist;
				LD_RUNPATH_SEARCH_PATHS = "$(inherited) @executable_path/Frameworks @loader_path/Frameworks";
				PRODUCT_BUNDLE_IDENTIFIER = KYZ.FlixTests;
				PRODUCT_NAME = "$(TARGET_NAME)";
				SWIFT_VERSION = 4.0;
				TARGETED_DEVICE_FAMILY = "1,2";
				TEST_HOST = "$(BUILT_PRODUCTS_DIR)/Flix.app/Flix";
			};
			name = Debug;
		};
		55E5235F2022F3DB00D73D72 /* Release */ = {
			isa = XCBuildConfiguration;
			buildSettings = {
				ALWAYS_EMBED_SWIFT_STANDARD_LIBRARIES = YES;
				BUNDLE_LOADER = "$(TEST_HOST)";
				CODE_SIGN_STYLE = Automatic;
				INFOPLIST_FILE = FlixTests/Info.plist;
				LD_RUNPATH_SEARCH_PATHS = "$(inherited) @executable_path/Frameworks @loader_path/Frameworks";
				PRODUCT_BUNDLE_IDENTIFIER = KYZ.FlixTests;
				PRODUCT_NAME = "$(TARGET_NAME)";
				SWIFT_VERSION = 4.0;
				TARGETED_DEVICE_FAMILY = "1,2";
				TEST_HOST = "$(BUILT_PRODUCTS_DIR)/Flix.app/Flix";
			};
			name = Release;
		};
		55E523612022F3DB00D73D72 /* Debug */ = {
			isa = XCBuildConfiguration;
			buildSettings = {
				ALWAYS_EMBED_SWIFT_STANDARD_LIBRARIES = YES;
				CODE_SIGN_STYLE = Automatic;
				INFOPLIST_FILE = FlixUITests/Info.plist;
				LD_RUNPATH_SEARCH_PATHS = "$(inherited) @executable_path/Frameworks @loader_path/Frameworks";
				PRODUCT_BUNDLE_IDENTIFIER = KYZ.FlixUITests;
				PRODUCT_NAME = "$(TARGET_NAME)";
				SWIFT_VERSION = 4.0;
				TARGETED_DEVICE_FAMILY = "1,2";
				TEST_TARGET_NAME = Flix;
			};
			name = Debug;
		};
		55E523622022F3DB00D73D72 /* Release */ = {
			isa = XCBuildConfiguration;
			buildSettings = {
				ALWAYS_EMBED_SWIFT_STANDARD_LIBRARIES = YES;
				CODE_SIGN_STYLE = Automatic;
				INFOPLIST_FILE = FlixUITests/Info.plist;
				LD_RUNPATH_SEARCH_PATHS = "$(inherited) @executable_path/Frameworks @loader_path/Frameworks";
				PRODUCT_BUNDLE_IDENTIFIER = KYZ.FlixUITests;
				PRODUCT_NAME = "$(TARGET_NAME)";
				SWIFT_VERSION = 4.0;
				TARGETED_DEVICE_FAMILY = "1,2";
				TEST_TARGET_NAME = Flix;
			};
			name = Release;
		};
/* End XCBuildConfiguration section */

/* Begin XCConfigurationList section */
		55E5232D2022F3DA00D73D72 /* Build configuration list for PBXProject "Flix" */ = {
			isa = XCConfigurationList;
			buildConfigurations = (
				55E523582022F3DB00D73D72 /* Debug */,
				55E523592022F3DB00D73D72 /* Release */,
			);
			defaultConfigurationIsVisible = 0;
			defaultConfigurationName = Release;
		};
		55E5235A2022F3DB00D73D72 /* Build configuration list for PBXNativeTarget "Flix" */ = {
			isa = XCConfigurationList;
			buildConfigurations = (
				55E5235B2022F3DB00D73D72 /* Debug */,
				55E5235C2022F3DB00D73D72 /* Release */,
			);
			defaultConfigurationIsVisible = 0;
			defaultConfigurationName = Release;
		};
		55E5235D2022F3DB00D73D72 /* Build configuration list for PBXNativeTarget "FlixTests" */ = {
			isa = XCConfigurationList;
			buildConfigurations = (
				55E5235E2022F3DB00D73D72 /* Debug */,
				55E5235F2022F3DB00D73D72 /* Release */,
			);
			defaultConfigurationIsVisible = 0;
			defaultConfigurationName = Release;
		};
		55E523602022F3DB00D73D72 /* Build configuration list for PBXNativeTarget "FlixUITests" */ = {
			isa = XCConfigurationList;
			buildConfigurations = (
				55E523612022F3DB00D73D72 /* Debug */,
				55E523622022F3DB00D73D72 /* Release */,
			);
			defaultConfigurationIsVisible = 0;
			defaultConfigurationName = Release;
		};
/* End XCConfigurationList section */
	};
	rootObject = 55E5232A2022F3DA00D73D72 /* Project object */;
}
